
Microsoft Visual Studio Solution File, Format Version 12.00
# Visual Studio Version 17
VisualStudioVersion = 17.8.34525.116
MinimumVisualStudioVersion = 10.0.40219.1
Project("{FAE04EC0-301F-11D3-BF4B-00C04F79EFBC}") = "MauiCustoViagem", "MauiCustoViagem\MauiCustoViagem.csproj", "{C669518B-9F8F-4554-B5C7-8BAC895ECC00}"
EndProject
Global
	GlobalSection(SolutionConfigurationPlatforms) = preSolution
		Debug|Any CPU = Debug|Any CPU
		Release|Any CPU = Release|Any CPU
	EndGlobalSection
	GlobalSection(ProjectConfigurationPlatforms) = postSolution
		{C669518B-9F8F-4554-B5C7-8BAC895ECC00}.Debug|Any CPU.ActiveCfg = Debug|Any CPU
		{C669518B-9F8F-4554-B5C7-8BAC895ECC00}.Debug|Any CPU.Build.0 = Debug|Any CPU
		{C669518B-9F8F-4554-B5C7-8BAC895ECC00}.Debug|Any CPU.Deploy.0 = Debug|Any CPU
		{C669518B-9F8F-4554-B5C7-8BAC895ECC00}.Release|Any CPU.ActiveCfg = Release|Any CPU
		{C669518B-9F8F-4554-B5C7-8BAC895ECC00}.Release|Any CPU.Build.0 = Release|Any CPU
		{C669518B-9F8F-4554-B5C7-8BAC895ECC00}.Release|Any CPU.Deploy.0 = Release|Any CPU
	EndGlobalSection
	GlobalSection(SolutionProperties) = preSolution
		HideSolutionNode = FALSE
	EndGlobalSection
	GlobalSection(ExtensibilityGlobals) = postSolution
		SolutionGuid = {B59C8B37-C9D2-4D99-818A-7223D48E3066}
	EndGlobalSection
EndGlobal
